
Microsoft Visual Studio Solution File, Format Version 11.00
# Visual Studio 2010
Project("{8BC9CEB8-8B4A-11D0-8D11-00A0C91BC942}") = "Videoplayer", "Videoplayer.vcxproj", "{F4CF22B2-2B46-47E6-B461-160A8B839357}"
EndProject
Global
	GlobalSection(SolutionConfigurationPlatforms) = preSolution
		Debug|Win32 = Debug|Win32
		Debug|x64 = Debug|x64
		Release|Win32 = Release|Win32
		Release|x64 = Release|x64
	EndGlobalSection
	GlobalSection(ProjectConfigurationPlatforms) = postSolution
		{F4CF22B2-2B46-47E6-B461-160A8B839357}.Debug|Win32.ActiveCfg = Debug|Win32
		{F4CF22B2-2B46-47E6-B461-160A8B839357}.Debug|Win32.Build.0 = Debug|Win32
		{F4CF22B2-2B46-47E6-B461-160A8B839357}.Debug|x64.ActiveCfg = Debug|x64
		{F4CF22B2-2B46-47E6-B461-160A8B839357}.Debug|x64.Build.0 = Debug|x64
		{F4CF22B2-2B46-47E6-B461-160A8B839357}.Release|Win32.ActiveCfg = Release|Win32
		{F4CF22B2-2B46-47E6-B461-160A8B839357}.Release|Win32.Build.0 = Release|Win32
		{F4CF22B2-2B46-47E6-B461-160A8B839357}.Release|x64.ActiveCfg = Release|x64
		{F4CF22B2-2B46-47E6-B461-160A8B839357}.Release|x64.Build.0 = Release|x64
	EndGlobalSection
	GlobalSection(SolutionProperties) = preSolution
		HideSolutionNode = FALSE
	EndGlobalSection
EndGlobal
